
Microsoft Visual Studio Solution File, Format Version 12.00
# Visual Studio Version 16
VisualStudioVersion = 16.0.29709.97
MinimumVisualStudioVersion = 10.0.40219.1
Project("{9A19103F-16F7-4668-BE54-9A1E7A4F7556}") = "ConsoleApp1", "ConsoleApp1\ConsoleApp1.csproj", "{DD99911F-DC82-4E04-AE1F-4C277B4C8383}"
EndProject
Project("{9A19103F-16F7-4668-BE54-9A1E7A4F7556}") = "AISUnit", "AISUnit\AISUnit.csproj", "{4CF6C67D-4C28-4794-8C94-C74C69481E67}"
EndProject
Project("{9A19103F-16F7-4668-BE54-9A1E7A4F7556}") = "MGT.AIS", "MGT.AIS\MGT.AIS.csproj", "{980EA8ED-F054-470B-A918-3EE96CA94281}"
EndProject
Project("{9A19103F-16F7-4668-BE54-9A1E7A4F7556}") = "MGT.AIS.Client", "MGT.AIS.Client\MGT.AIS.Client.csproj", "{5A7B3697-E53B-45C8-AB6E-16EE6024A19E}"
EndProject
Project("{9A19103F-16F7-4668-BE54-9A1E7A4F7556}") = "AIS.MGT.QueryStack", "AIS.MGT.QueryStack\AIS.MGT.QueryStack.csproj", "{8299CCA5-318C-4B19-86A8-CDFCBBFA2787}"
EndProject
Project("{9A19103F-16F7-4668-BE54-9A1E7A4F7556}") = "AIS.MGT.Model", "AIS.MGT.Model\AIS.MGT.Model.csproj", "{DE8008FF-068A-4F47-9618-CC9DC477974A}"
EndProject
Project("{9A19103F-16F7-4668-BE54-9A1E7A4F7556}") = "AIS.MGT.Api", "AIS.MGT.Api\AIS.MGT.Api.csproj", "{62B3985F-8A61-44A3-AB57-3BAFF1F1504E}"
EndProject
Project("{2150E333-8FDC-42A3-9474-1A3956D46DE8}") = "Context", "Context", "{B06EC0DD-D45D-43EF-AF41-5094743FCC17}"
EndProject
Project("{9A19103F-16F7-4668-BE54-9A1E7A4F7556}") = "AIS.MGT.Core", "AIS.MGT.Core\AIS.MGT.Core.csproj", "{0695911E-77C4-4464-B329-A5388F24E501}"
EndProject
Project("{9A19103F-16F7-4668-BE54-9A1E7A4F7556}") = "AIS.MGT.QueryStack.SqlServer", "AIS.MGT.QueryStack.SqlServer\AIS.MGT.QueryStack.SqlServer.csproj", "{A0A3C80A-B512-4AEE-AE87-48A27BED666F}"
EndProject
Global
	GlobalSection(SolutionConfigurationPlatforms) = preSolution
		Debug|Any CPU = Debug|Any CPU
		Release|Any CPU = Release|Any CPU
	EndGlobalSection
	GlobalSection(ProjectConfigurationPlatforms) = postSolution
		{DD99911F-DC82-4E04-AE1F-4C277B4C8383}.Debug|Any CPU.ActiveCfg = Debug|Any CPU
		{DD99911F-DC82-4E04-AE1F-4C277B4C8383}.Debug|Any CPU.Build.0 = Debug|Any CPU
		{DD99911F-DC82-4E04-AE1F-4C277B4C8383}.Release|Any CPU.ActiveCfg = Release|Any CPU
		{DD99911F-DC82-4E04-AE1F-4C277B4C8383}.Release|Any CPU.Build.0 = Release|Any CPU
		{4CF6C67D-4C28-4794-8C94-C74C69481E67}.Debug|Any CPU.ActiveCfg = Debug|Any CPU
		{4CF6C67D-4C28-4794-8C94-C74C69481E67}.Debug|Any CPU.Build.0 = Debug|Any CPU
		{4CF6C67D-4C28-4794-8C94-C74C69481E67}.Release|Any CPU.ActiveCfg = Release|Any CPU
		{4CF6C67D-4C28-4794-8C94-C74C69481E67}.Release|Any CPU.Build.0 = Release|Any CPU
		{980EA8ED-F054-470B-A918-3EE96CA94281}.Debug|Any CPU.ActiveCfg = Debug|Any CPU
		{980EA8ED-F054-470B-A918-3EE96CA94281}.Debug|Any CPU.Build.0 = Debug|Any CPU
		{980EA8ED-F054-470B-A918-3EE96CA94281}.Release|Any CPU.ActiveCfg = Release|Any CPU
		{980EA8ED-F054-470B-A918-3EE96CA94281}.Release|Any CPU.Build.0 = Release|Any CPU
		{5A7B3697-E53B-45C8-AB6E-16EE6024A19E}.Debug|Any CPU.ActiveCfg = Debug|Any CPU
		{5A7B3697-E53B-45C8-AB6E-16EE6024A19E}.Debug|Any CPU.Build.0 = Debug|Any CPU
		{5A7B3697-E53B-45C8-AB6E-16EE6024A19E}.Release|Any CPU.ActiveCfg = Release|Any CPU
		{5A7B3697-E53B-45C8-AB6E-16EE6024A19E}.Release|Any CPU.Build.0 = Release|Any CPU
		{8299CCA5-318C-4B19-86A8-CDFCBBFA2787}.Debug|Any CPU.ActiveCfg = Debug|Any CPU
		{8299CCA5-318C-4B19-86A8-CDFCBBFA2787}.Debug|Any CPU.Build.0 = Debug|Any CPU
		{8299CCA5-318C-4B19-86A8-CDFCBBFA2787}.Release|Any CPU.ActiveCfg = Release|Any CPU
		{8299CCA5-318C-4B19-86A8-CDFCBBFA2787}.Release|Any CPU.Build.0 = Release|Any CPU
		{DE8008FF-068A-4F47-9618-CC9DC477974A}.Debug|Any CPU.ActiveCfg = Debug|Any CPU
		{DE8008FF-068A-4F47-9618-CC9DC477974A}.Debug|Any CPU.Build.0 = Debug|Any CPU
		{DE8008FF-068A-4F47-9618-CC9DC477974A}.Release|Any CPU.ActiveCfg = Release|Any CPU
		{DE8008FF-068A-4F47-9618-CC9DC477974A}.Release|Any CPU.Build.0 = Release|Any CPU
		{62B3985F-8A61-44A3-AB57-3BAFF1F1504E}.Debug|Any CPU.ActiveCfg = Debug|Any CPU
		{62B3985F-8A61-44A3-AB57-3BAFF1F1504E}.Debug|Any CPU.Build.0 = Debug|Any CPU
		{62B3985F-8A61-44A3-AB57-3BAFF1F1504E}.Release|Any CPU.ActiveCfg = Release|Any CPU
		{62B3985F-8A61-44A3-AB57-3BAFF1F1504E}.Release|Any CPU.Build.0 = Release|Any CPU
		{0695911E-77C4-4464-B329-A5388F24E501}.Debug|Any CPU.ActiveCfg = Debug|Any CPU
		{0695911E-77C4-4464-B329-A5388F24E501}.Debug|Any CPU.Build.0 = Debug|Any CPU
		{0695911E-77C4-4464-B329-A5388F24E501}.Release|Any CPU.ActiveCfg = Release|Any CPU
		{0695911E-77C4-4464-B329-A5388F24E501}.Release|Any CPU.Build.0 = Release|Any CPU
		{A0A3C80A-B512-4AEE-AE87-48A27BED666F}.Debug|Any CPU.ActiveCfg = Debug|Any CPU
		{A0A3C80A-B512-4AEE-AE87-48A27BED666F}.Debug|Any CPU.Build.0 = Debug|Any CPU
		{A0A3C80A-B512-4AEE-AE87-48A27BED666F}.Release|Any CPU.ActiveCfg = Release|Any CPU
		{A0A3C80A-B512-4AEE-AE87-48A27BED666F}.Release|Any CPU.Build.0 = Release|Any CPU
	EndGlobalSection
	GlobalSection(SolutionProperties) = preSolution
		HideSolutionNode = FALSE
	EndGlobalSection
	GlobalSection(NestedProjects) = preSolution
		{8299CCA5-318C-4B19-86A8-CDFCBBFA2787} = {B06EC0DD-D45D-43EF-AF41-5094743FCC17}
		{DE8008FF-068A-4F47-9618-CC9DC477974A} = {B06EC0DD-D45D-43EF-AF41-5094743FCC17}
		{62B3985F-8A61-44A3-AB57-3BAFF1F1504E} = {B06EC0DD-D45D-43EF-AF41-5094743FCC17}
		{A0A3C80A-B512-4AEE-AE87-48A27BED666F} = {B06EC0DD-D45D-43EF-AF41-5094743FCC17}
	EndGlobalSection
	GlobalSection(ExtensibilityGlobals) = postSolution
		SolutionGuid = {D8182845-7442-45E2-9089-1134D06986ED}
	EndGlobalSection
EndGlobal
